
Microsoft Visual Studio Solution File, Format Version 12.00
# Visual Studio Version 17
VisualStudioVersion = 17.5.002.0
MinimumVisualStudioVersion = 10.0.40219.1
Project("{9A19103F-16F7-4668-BE54-9A1E7A4F7556}") = "textEditor", "textEditor.csproj", "{9CFA32C2-2ADC-4AE5-9F9A-9AF9044CFBE6}"
EndProject
Global
	GlobalSection(SolutionConfigurationPlatforms) = preSolution
		Debug|Any CPU = Debug|Any CPU
		Release|Any CPU = Release|Any CPU
	EndGlobalSection
	GlobalSection(ProjectConfigurationPlatforms) = postSolution
		{9CFA32C2-2ADC-4AE5-9F9A-9AF9044CFBE6}.Debug|Any CPU.ActiveCfg = Debug|Any CPU
		{9CFA32C2-2ADC-4AE5-9F9A-9AF9044CFBE6}.Debug|Any CPU.Build.0 = Debug|Any CPU
		{9CFA32C2-2ADC-4AE5-9F9A-9AF9044CFBE6}.Release|Any CPU.ActiveCfg = Release|Any CPU
		{9CFA32C2-2ADC-4AE5-9F9A-9AF9044CFBE6}.Release|Any CPU.Build.0 = Release|Any CPU
	EndGlobalSection
	GlobalSection(SolutionProperties) = preSolution
		HideSolutionNode = FALSE
	EndGlobalSection
	GlobalSection(ExtensibilityGlobals) = postSolution
		SolutionGuid = {5F1BBBFD-D289-4394-8D64-7049321A261E}
	EndGlobalSection
EndGlobal
