
Microsoft Visual Studio Solution File, Format Version 12.00
# Visual Studio Version 17
VisualStudioVersion = 17.5.002.0
MinimumVisualStudioVersion = 10.0.40219.1
Project("{9A19103F-16F7-4668-BE54-9A1E7A4F7556}") = "builder", "builder.csproj", "{B4E7BA67-95E6-4733-829E-75039F8DD1EE}"
EndProject
Global
	GlobalSection(SolutionConfigurationPlatforms) = preSolution
		Debug|Any CPU = Debug|Any CPU
		Release|Any CPU = Release|Any CPU
	EndGlobalSection
	GlobalSection(ProjectConfigurationPlatforms) = postSolution
		{B4E7BA67-95E6-4733-829E-75039F8DD1EE}.Debug|Any CPU.ActiveCfg = Debug|Any CPU
		{B4E7BA67-95E6-4733-829E-75039F8DD1EE}.Debug|Any CPU.Build.0 = Debug|Any CPU
		{B4E7BA67-95E6-4733-829E-75039F8DD1EE}.Release|Any CPU.ActiveCfg = Release|Any CPU
		{B4E7BA67-95E6-4733-829E-75039F8DD1EE}.Release|Any CPU.Build.0 = Release|Any CPU
	EndGlobalSection
	GlobalSection(SolutionProperties) = preSolution
		HideSolutionNode = FALSE
	EndGlobalSection
	GlobalSection(ExtensibilityGlobals) = postSolution
		SolutionGuid = {2905FC9D-4F6D-4830-988E-ED6C5C46763B}
	EndGlobalSection
EndGlobal
