
Microsoft Visual Studio Solution File, Format Version 12.00
# Visual Studio Version 17
VisualStudioVersion = 17.5.002.0
MinimumVisualStudioVersion = 10.0.40219.1
Project("{9A19103F-16F7-4668-BE54-9A1E7A4F7556}") = "calculator", "calculator.csproj", "{2F2F7D19-F168-4645-9B0E-79648565A01E}"
EndProject
Global
	GlobalSection(SolutionConfigurationPlatforms) = preSolution
		Debug|Any CPU = Debug|Any CPU
		Release|Any CPU = Release|Any CPU
	EndGlobalSection
	GlobalSection(ProjectConfigurationPlatforms) = postSolution
		{2F2F7D19-F168-4645-9B0E-79648565A01E}.Debug|Any CPU.ActiveCfg = Debug|Any CPU
		{2F2F7D19-F168-4645-9B0E-79648565A01E}.Debug|Any CPU.Build.0 = Debug|Any CPU
		{2F2F7D19-F168-4645-9B0E-79648565A01E}.Release|Any CPU.ActiveCfg = Release|Any CPU
		{2F2F7D19-F168-4645-9B0E-79648565A01E}.Release|Any CPU.Build.0 = Release|Any CPU
	EndGlobalSection
	GlobalSection(SolutionProperties) = preSolution
		HideSolutionNode = FALSE
	EndGlobalSection
	GlobalSection(ExtensibilityGlobals) = postSolution
		SolutionGuid = {15E682BB-1ABD-4EB0-8979-A328D0DC6C1E}
	EndGlobalSection
EndGlobal
