
Microsoft Visual Studio Solution File, Format Version 12.00
# Visual Studio Version 17
VisualStudioVersion = 17.5.002.0
MinimumVisualStudioVersion = 10.0.40219.1
Project("{9A19103F-16F7-4668-BE54-9A1E7A4F7556}") = "moedas", "moedas.csproj", "{5DE1E0DC-DCED-4C7A-8F96-1B56C225C11F}"
EndProject
Global
	GlobalSection(SolutionConfigurationPlatforms) = preSolution
		Debug|Any CPU = Debug|Any CPU
		Release|Any CPU = Release|Any CPU
	EndGlobalSection
	GlobalSection(ProjectConfigurationPlatforms) = postSolution
		{5DE1E0DC-DCED-4C7A-8F96-1B56C225C11F}.Debug|Any CPU.ActiveCfg = Debug|Any CPU
		{5DE1E0DC-DCED-4C7A-8F96-1B56C225C11F}.Debug|Any CPU.Build.0 = Debug|Any CPU
		{5DE1E0DC-DCED-4C7A-8F96-1B56C225C11F}.Release|Any CPU.ActiveCfg = Release|Any CPU
		{5DE1E0DC-DCED-4C7A-8F96-1B56C225C11F}.Release|Any CPU.Build.0 = Release|Any CPU
	EndGlobalSection
	GlobalSection(SolutionProperties) = preSolution
		HideSolutionNode = FALSE
	EndGlobalSection
	GlobalSection(ExtensibilityGlobals) = postSolution
		SolutionGuid = {46DE6126-3D11-4E04-A4FD-106A809FAF37}
	EndGlobalSection
EndGlobal
