
Microsoft Visual Studio Solution File, Format Version 12.00
# Visual Studio Version 17
VisualStudioVersion = 17.5.002.0
MinimumVisualStudioVersion = 10.0.40219.1
Project("{9A19103F-16F7-4668-BE54-9A1E7A4F7556}") = "stopWatch", "stopWatch.csproj", "{7CBCF551-AE35-4053-8956-F831A058954E}"
EndProject
Global
	GlobalSection(SolutionConfigurationPlatforms) = preSolution
		Debug|Any CPU = Debug|Any CPU
		Release|Any CPU = Release|Any CPU
	EndGlobalSection
	GlobalSection(ProjectConfigurationPlatforms) = postSolution
		{7CBCF551-AE35-4053-8956-F831A058954E}.Debug|Any CPU.ActiveCfg = Debug|Any CPU
		{7CBCF551-AE35-4053-8956-F831A058954E}.Debug|Any CPU.Build.0 = Debug|Any CPU
		{7CBCF551-AE35-4053-8956-F831A058954E}.Release|Any CPU.ActiveCfg = Release|Any CPU
		{7CBCF551-AE35-4053-8956-F831A058954E}.Release|Any CPU.Build.0 = Release|Any CPU
	EndGlobalSection
	GlobalSection(SolutionProperties) = preSolution
		HideSolutionNode = FALSE
	EndGlobalSection
	GlobalSection(ExtensibilityGlobals) = postSolution
		SolutionGuid = {8C136510-4B5C-4353-8BCD-1008CEBEF077}
	EndGlobalSection
EndGlobal
