
Microsoft Visual Studio Solution File, Format Version 12.00
# Visual Studio Version 17
VisualStudioVersion = 17.5.002.0
MinimumVisualStudioVersion = 10.0.40219.1
Project("{9A19103F-16F7-4668-BE54-9A1E7A4F7556}") = "Test", "Test.csproj", "{51445BEE-0B8E-4CB1-9867-CC7178D0FE6A}"
EndProject
Global
	GlobalSection(SolutionConfigurationPlatforms) = preSolution
		Debug|Any CPU = Debug|Any CPU
		Release|Any CPU = Release|Any CPU
	EndGlobalSection
	GlobalSection(ProjectConfigurationPlatforms) = postSolution
		{51445BEE-0B8E-4CB1-9867-CC7178D0FE6A}.Debug|Any CPU.ActiveCfg = Debug|Any CPU
		{51445BEE-0B8E-4CB1-9867-CC7178D0FE6A}.Debug|Any CPU.Build.0 = Debug|Any CPU
		{51445BEE-0B8E-4CB1-9867-CC7178D0FE6A}.Release|Any CPU.ActiveCfg = Release|Any CPU
		{51445BEE-0B8E-4CB1-9867-CC7178D0FE6A}.Release|Any CPU.Build.0 = Release|Any CPU
	EndGlobalSection
	GlobalSection(SolutionProperties) = preSolution
		HideSolutionNode = FALSE
	EndGlobalSection
	GlobalSection(ExtensibilityGlobals) = postSolution
		SolutionGuid = {59FD308F-125E-425B-9B3C-3C3764B70275}
	EndGlobalSection
EndGlobal
