
Microsoft Visual Studio Solution File, Format Version 12.00
# Visual Studio Version 17
VisualStudioVersion = 17.5.002.0
MinimumVisualStudioVersion = 10.0.40219.1
Project("{9A19103F-16F7-4668-BE54-9A1E7A4F7556}") = "API", "API.csproj", "{290B3032-D193-4405-A64D-9C47C3A99D21}"
EndProject
Global
	GlobalSection(SolutionConfigurationPlatforms) = preSolution
		Debug|Any CPU = Debug|Any CPU
		Release|Any CPU = Release|Any CPU
	EndGlobalSection
	GlobalSection(ProjectConfigurationPlatforms) = postSolution
		{290B3032-D193-4405-A64D-9C47C3A99D21}.Debug|Any CPU.ActiveCfg = Debug|Any CPU
		{290B3032-D193-4405-A64D-9C47C3A99D21}.Debug|Any CPU.Build.0 = Debug|Any CPU
		{290B3032-D193-4405-A64D-9C47C3A99D21}.Release|Any CPU.ActiveCfg = Release|Any CPU
		{290B3032-D193-4405-A64D-9C47C3A99D21}.Release|Any CPU.Build.0 = Release|Any CPU
	EndGlobalSection
	GlobalSection(SolutionProperties) = preSolution
		HideSolutionNode = FALSE
	EndGlobalSection
	GlobalSection(ExtensibilityGlobals) = postSolution
		SolutionGuid = {0890DD93-257B-4106-9448-A62CD618EB44}
	EndGlobalSection
EndGlobal
